
Microsoft Visual Studio Solution File, Format Version 12.00
# Visual Studio Version 17
VisualStudioVersion = 17.0.31903.59
MinimumVisualStudioVersion = 10.0.40219.1
Project("{FAE04EC0-301F-11D3-BF4B-00C04F79EFBC}") = "Ecommerce-backend", "Ecommerce-backend\Ecommerce-backend.csproj", "{148B5295-523D-4257-A5DC-CE8AF48A6DDA}"
EndProject
Global
	GlobalSection(SolutionConfigurationPlatforms) = preSolution
		Debug|Any CPU = Debug|Any CPU
		Release|Any CPU = Release|Any CPU
	EndGlobalSection
	GlobalSection(SolutionProperties) = preSolution
		HideSolutionNode = FALSE
	EndGlobalSection
	GlobalSection(ProjectConfigurationPlatforms) = postSolution
		{148B5295-523D-4257-A5DC-CE8AF48A6DDA}.Debug|Any CPU.ActiveCfg = Debug|Any CPU
		{148B5295-523D-4257-A5DC-CE8AF48A6DDA}.Debug|Any CPU.Build.0 = Debug|Any CPU
		{148B5295-523D-4257-A5DC-CE8AF48A6DDA}.Release|Any CPU.ActiveCfg = Release|Any CPU
		{148B5295-523D-4257-A5DC-CE8AF48A6DDA}.Release|Any CPU.Build.0 = Release|Any CPU
	EndGlobalSection
EndGlobal
